
Microsoft Visual Studio Solution File, Format Version 12.00
# Visual Studio Version 17
VisualStudioVersion = 17.2.32526.322
MinimumVisualStudioVersion = 10.0.40219.1
Project("{FAE04EC0-301F-11D3-BF4B-00C04F79EFBC}") = "Layout-FrontToBack", "Layout-FrontToBack\Layout-FrontToBack.csproj", "{BE15F1B6-146C-4765-816C-4C23E4EA87D7}"
EndProject
Global
	GlobalSection(SolutionConfigurationPlatforms) = preSolution
		Debug|Any CPU = Debug|Any CPU
		Release|Any CPU = Release|Any CPU
	EndGlobalSection
	GlobalSection(ProjectConfigurationPlatforms) = postSolution
		{BE15F1B6-146C-4765-816C-4C23E4EA87D7}.Debug|Any CPU.ActiveCfg = Debug|Any CPU
		{BE15F1B6-146C-4765-816C-4C23E4EA87D7}.Debug|Any CPU.Build.0 = Debug|Any CPU
		{BE15F1B6-146C-4765-816C-4C23E4EA87D7}.Release|Any CPU.ActiveCfg = Release|Any CPU
		{BE15F1B6-146C-4765-816C-4C23E4EA87D7}.Release|Any CPU.Build.0 = Release|Any CPU
	EndGlobalSection
	GlobalSection(SolutionProperties) = preSolution
		HideSolutionNode = FALSE
	EndGlobalSection
	GlobalSection(ExtensibilityGlobals) = postSolution
		SolutionGuid = {ADA8D196-17AE-4C99-BB98-492B7D34FB8F}
	EndGlobalSection
EndGlobal
